// !$*UTF8*$!
{
	archiveVersion = 1;
	classes = {
	};
	objectVersion = 56;
	objects = {

/* Begin PBXBuildFile section */
		1A0CBFB92C8F734B000A92BF /* Crowds.swift in Sources */ = {isa = PBXBuildFile; fileRef = 1A0CBFB82C8F734B000A92BF /* Crowds.swift */; };
		1A3691FE2E1CAACE005C822B /* LaunchScreen.storyboard in Resources */ = {isa = PBXBuildFile; fileRef = 1A3691FD2E1CAACD005C822B /* LaunchScreen.storyboard */; };
		1A4248322E18085900C921E7 /* SendTabView.swift in Sources */ = {isa = PBXBuildFile; fileRef = 1A4248312E18085800C921E7 /* SendTabView.swift */; };
		1A70B3822E0C7E8E00ECB941 /* MapTabView.swift in Sources */ = {isa = PBXBuildFile; fileRef = 1A70B3812E0C7E8E00ECB941 /* MapTabView.swift */; };
		1A9112942C275B0A001A43CA /* LGTv2App.swift in Sources */ = {isa = PBXBuildFile; fileRef = 1A9112932C275B0A001A43CA /* LGTv2App.swift */; };
		1A9112962C275B0A001A43CA /* ContentView.swift in Sources */ = {isa = PBXBuildFile; fileRef = 1A9112952C275B0A001A43CA /* ContentView.swift */; };
		1A9112982C275B0D001A43CA /* Assets.xcassets in Resources */ = {isa = PBXBuildFile; fileRef = 1A9112972C275B0D001A43CA /* Assets.xcassets */; };
		1A91129B2C275B0D001A43CA /* Preview Assets.xcassets in Resources */ = {isa = PBXBuildFile; fileRef = 1A91129A2C275B0D001A43CA /* Preview Assets.xcassets */; };
		1A9112A22C275C8C001A43CA /* Event.swift in Sources */ = {isa = PBXBuildFile; fileRef = 1A9112A12C275C8C001A43CA /* Event.swift */; };
		1A9112A42C275CC5001A43CA /* EventDetailView.swift in Sources */ = {isa = PBXBuildFile; fileRef = 1A9112A32C275CC5001A43CA /* EventDetailView.swift */; };
		1A9112A62C275D0E001A43CA /* Weather.swift in Sources */ = {isa = PBXBuildFile; fileRef = 1A9112A52C275D0E001A43CA /* Weather.swift */; };
		1A9112AA2C275D6F001A43CA /* DataService.swift in Sources */ = {isa = PBXBuildFile; fileRef = 1A9112A92C275D6F001A43CA /* DataService.swift */; };
		1A9D21C32E0735DA00E3D3F6 /* CrowdModel.swift in Sources */ = {isa = PBXBuildFile; fileRef = 1A9D21C22E0735DA00E3D3F6 /* CrowdModel.swift */; };
		1AB4C6262C2F6B750094D982 /* EventModel.swift in Sources */ = {isa = PBXBuildFile; fileRef = 1AB4C6252C2F6B750094D982 /* EventModel.swift */; };
		1AB570A02C2D271700F4B4D8 /* FirebaseAuth in Frameworks */ = {isa = PBXBuildFile; productRef = 1AB5709F2C2D271700F4B4D8 /* FirebaseAuth */; };
		1AB570A82C2DBD3300F4B4D8 /* FirebaseFirestore in Frameworks */ = {isa = PBXBuildFile; productRef = 1AB570A72C2DBD3300F4B4D8 /* FirebaseFirestore */; };
		1AC1B8802CD031E400D51628 /* GoogleService-Info.plist in Resources */ = {isa = PBXBuildFile; fileRef = 1AC1B87F2CD031E400D51628 /* GoogleService-Info.plist */; };
		1AD897FD2C495EF300CF23A6 /* ListTabView.swift in Sources */ = {isa = PBXBuildFile; fileRef = 1AD897FC2C495EF300CF23A6 /* ListTabView.swift */; };
		1AD897FF2C49674100CF23A6 /* WxView.swift in Sources */ = {isa = PBXBuildFile; fileRef = 1AD897FE2C49674100CF23A6 /* WxView.swift */; };
		1AE4D31E2C27830600F9C34D /* FirebaseAnalytics in Frameworks */ = {isa = PBXBuildFile; productRef = 1AE4D31D2C27830600F9C34D /* FirebaseAnalytics */; };
		1AE4D3202C27830600F9C34D /* FirebaseDatabaseSwift in Frameworks */ = {isa = PBXBuildFile; productRef = 1AE4D31F2C27830600F9C34D /* FirebaseDatabaseSwift */; };
/* End PBXBuildFile section */

/* Begin PBXFileReference section */
		1A0CBFB72C8F49CC000A92BF /* Info.plist */ = {isa = PBXFileReference; lastKnownFileType = text.plist; path = Info.plist; sourceTree = "<group>"; };
		1A0CBFB82C8F734B000A92BF /* Crowds.swift */ = {isa = PBXFileReference; lastKnownFileType = sourcecode.swift; path = Crowds.swift; sourceTree = "<group>"; };
		1A3691FD2E1CAACD005C822B /* LaunchScreen.storyboard */ = {isa = PBXFileReference; lastKnownFileType = file.storyboard; path = LaunchScreen.storyboard; sourceTree = "<group>"; };
		1A4248312E18085800C921E7 /* SendTabView.swift */ = {isa = PBXFileReference; lastKnownFileType = sourcecode.swift; path = SendTabView.swift; sourceTree = "<group>"; };
		1A70B3812E0C7E8E00ECB941 /* MapTabView.swift */ = {isa = PBXFileReference; lastKnownFileType = sourcecode.swift; path = MapTabView.swift; sourceTree = "<group>"; };
		1A9112902C275B0A001A43CA /* LGTv2.app */ = {isa = PBXFileReference; explicitFileType = wrapper.application; includeInIndex = 0; path = LGTv2.app; sourceTree = BUILT_PRODUCTS_DIR; };
		1A9112932C275B0A001A43CA /* LGTv2App.swift */ = {isa = PBXFileReference; lastKnownFileType = sourcecode.swift; path = LGTv2App.swift; sourceTree = "<group>"; };
		1A9112952C275B0A001A43CA /* ContentView.swift */ = {isa = PBXFileReference; lastKnownFileType = sourcecode.swift; path = ContentView.swift; sourceTree = "<group>"; };
		1A9112972C275B0D001A43CA /* Assets.xcassets */ = {isa = PBXFileReference; lastKnownFileType = folder.assetcatalog; path = Assets.xcassets; sourceTree = "<group>"; };
		1A91129A2C275B0D001A43CA /* Preview Assets.xcassets */ = {isa = PBXFileReference; lastKnownFileType = folder.assetcatalog; path = "Preview Assets.xcassets"; sourceTree = "<group>"; };
		1A9112A12C275C8C001A43CA /* Event.swift */ = {isa = PBXFileReference; lastKnownFileType = sourcecode.swift; path = Event.swift; sourceTree = "<group>"; };
		1A9112A32C275CC5001A43CA /* EventDetailView.swift */ = {isa = PBXFileReference; lastKnownFileType = sourcecode.swift; path = EventDetailView.swift; sourceTree = "<group>"; };
		1A9112A52C275D0E001A43CA /* Weather.swift */ = {isa = PBXFileReference; lastKnownFileType = sourcecode.swift; path = Weather.swift; sourceTree = "<group>"; };
		1A9112A92C275D6F001A43CA /* DataService.swift */ = {isa = PBXFileReference; lastKnownFileType = sourcecode.swift; path = DataService.swift; sourceTree = "<group>"; };
		1A9D21C22E0735DA00E3D3F6 /* CrowdModel.swift */ = {isa = PBXFileReference; lastKnownFileType = sourcecode.swift; path = CrowdModel.swift; sourceTree = "<group>"; };
		1AB4C6252C2F6B750094D982 /* EventModel.swift */ = {isa = PBXFileReference; lastKnownFileType = sourcecode.swift; path = EventModel.swift; sourceTree = "<group>"; };
		1AC1B87F2CD031E400D51628 /* GoogleService-Info.plist */ = {isa = PBXFileReference; lastKnownFileType = text.plist.xml; path = "GoogleService-Info.plist"; sourceTree = "<group>"; };
		1AD897FC2C495EF300CF23A6 /* ListTabView.swift */ = {isa = PBXFileReference; lastKnownFileType = sourcecode.swift; path = ListTabView.swift; sourceTree = "<group>"; };
		1AD897FE2C49674100CF23A6 /* WxView.swift */ = {isa = PBXFileReference; lastKnownFileType = sourcecode.swift; path = WxView.swift; sourceTree = "<group>"; };
/* End PBXFileReference section */

/* Begin PBXFrameworksBuildPhase section */
		1A91128D2C275B0A001A43CA /* Frameworks */ = {
			isa = PBXFrameworksBuildPhase;
			buildActionMask = 2147483647;
			files = (
				1AE4D3202C27830600F9C34D /* FirebaseDatabaseSwift in Frameworks */,
				1AB570A82C2DBD3300F4B4D8 /* FirebaseFirestore in Frameworks */,
				1AB570A02C2D271700F4B4D8 /* FirebaseAuth in Frameworks */,
				1AE4D31E2C27830600F9C34D /* FirebaseAnalytics in Frameworks */,
			);
			runOnlyForDeploymentPostprocessing = 0;
		};
/* End PBXFrameworksBuildPhase section */

/* Begin PBXGroup section */
		1A42482F2E1807DC00C921E7 /* Models */ = {
			isa = PBXGroup;
			children = (
				1A9112A12C275C8C001A43CA /* Event.swift */,
				1A0CBFB82C8F734B000A92BF /* Crowds.swift */,
				1A9112A52C275D0E001A43CA /* Weather.swift */,
			);
			path = Models;
			sourceTree = "<group>";
		};
		1A4248302E18081B00C921E7 /* Views */ = {
			isa = PBXGroup;
			children = (
				1AD897FC2C495EF300CF23A6 /* ListTabView.swift */,
				1A9112952C275B0A001A43CA /* ContentView.swift */,
				1A70B3812E0C7E8E00ECB941 /* MapTabView.swift */,
				1A4248312E18085800C921E7 /* SendTabView.swift */,
				1AD897FE2C49674100CF23A6 /* WxView.swift */,
				1A9112A32C275CC5001A43CA /* EventDetailView.swift */,
				1A3691FD2E1CAACD005C822B /* LaunchScreen.storyboard */,
			);
			path = Views;
			sourceTree = "<group>";
		};
		1A4248332E18087200C921E7 /* ViewModels */ = {
			isa = PBXGroup;
			children = (
				1AB4C6252C2F6B750094D982 /* EventModel.swift */,
				1A9D21C22E0735DA00E3D3F6 /* CrowdModel.swift */,
				1A9112A92C275D6F001A43CA /* DataService.swift */,
			);
			path = ViewModels;
			sourceTree = "<group>";
		};
		1A9112872C275B0A001A43CA = {
			isa = PBXGroup;
			children = (
				1A9112922C275B0A001A43CA /* LGTv2 */,
				1A9112912C275B0A001A43CA /* Products */,
			);
			sourceTree = "<group>";
		};
		1A9112912C275B0A001A43CA /* Products */ = {
			isa = PBXGroup;
			children = (
				1A9112902C275B0A001A43CA /* LGTv2.app */,
			);
			name = Products;
			sourceTree = "<group>";
		};
		1A9112922C275B0A001A43CA /* LGTv2 */ = {
			isa = PBXGroup;
			children = (
				1A0CBFB72C8F49CC000A92BF /* Info.plist */,
				1AC1B87F2CD031E400D51628 /* GoogleService-Info.plist */,
				1A9112932C275B0A001A43CA /* LGTv2App.swift */,
				1A42482F2E1807DC00C921E7 /* Models */,
				1A4248302E18081B00C921E7 /* Views */,
				1A4248332E18087200C921E7 /* ViewModels */,
				1A9112972C275B0D001A43CA /* Assets.xcassets */,
				1A9112992C275B0D001A43CA /* Preview Content */,
			);
			path = LGTv2;
			sourceTree = "<group>";
		};
		1A9112992C275B0D001A43CA /* Preview Content */ = {
			isa = PBXGroup;
			children = (
				1A91129A2C275B0D001A43CA /* Preview Assets.xcassets */,
			);
			path = "Preview Content";
			sourceTree = "<group>";
		};
/* End PBXGroup section */

/* Begin PBXNativeTarget section */
		1A91128F2C275B0A001A43CA /* LGTv2 */ = {
			isa = PBXNativeTarget;
			buildConfigurationList = 1A91129E2C275B0D001A43CA /* Build configuration list for PBXNativeTarget "LGTv2" */;
			buildPhases = (
				1A91128C2C275B0A001A43CA /* Sources */,
				1A91128D2C275B0A001A43CA /* Frameworks */,
				1A91128E2C275B0A001A43CA /* Resources */,
			);
			buildRules = (
			);
			dependencies = (
			);
			name = LGTv2;
			packageProductDependencies = (
				1AE4D31D2C27830600F9C34D /* FirebaseAnalytics */,
				1AE4D31F2C27830600F9C34D /* FirebaseDatabaseSwift */,
				1AB5709F2C2D271700F4B4D8 /* FirebaseAuth */,
				1AB570A72C2DBD3300F4B4D8 /* FirebaseFirestore */,
			);
			productName = LGTv2;
			productReference = 1A9112902C275B0A001A43CA /* LGTv2.app */;
			productType = "com.apple.product-type.application";
		};
/* End PBXNativeTarget section */

/* Begin PBXProject section */
		1A9112882C275B0A001A43CA /* Project object */ = {
			isa = PBXProject;
			attributes = {
				BuildIndependentTargetsInParallel = 1;
				LastSwiftUpdateCheck = 1540;
				LastUpgradeCheck = 1540;
				TargetAttributes = {
					1A91128F2C275B0A001A43CA = {
						CreatedOnToolsVersion = 15.4;
					};
				};
			};
			buildConfigurationList = 1A91128B2C275B0A001A43CA /* Build configuration list for PBXProject "LGTv2" */;
			compatibilityVersion = "Xcode 14.0";
			developmentRegion = en;
			hasScannedForEncodings = 0;
			knownRegions = (
				en,
				Base,
			);
			mainGroup = 1A9112872C275B0A001A43CA;
			packageReferences = (
				1AE4D31C2C27830600F9C34D /* XCRemoteSwiftPackageReference "firebase-ios-sdk" */,
			);
			productRefGroup = 1A9112912C275B0A001A43CA /* Products */;
			projectDirPath = "";
			projectRoot = "";
			targets = (
				1A91128F2C275B0A001A43CA /* LGTv2 */,
			);
		};
/* End PBXProject section */

/* Begin PBXResourcesBuildPhase section */
		1A91128E2C275B0A001A43CA /* Resources */ = {
			isa = PBXResourcesBuildPhase;
			buildActionMask = 2147483647;
			files = (
				1A91129B2C275B0D001A43CA /* Preview Assets.xcassets in Resources */,
				1A3691FE2E1CAACE005C822B /* LaunchScreen.storyboard in Resources */,
				1A9112982C275B0D001A43CA /* Assets.xcassets in Resources */,
				1AC1B8802CD031E400D51628 /* GoogleService-Info.plist in Resources */,
			);
			runOnlyForDeploymentPostprocessing = 0;
		};
/* End PBXResourcesBuildPhase section */

/* Begin PBXSourcesBuildPhase section */
		1A91128C2C275B0A001A43CA /* Sources */ = {
			isa = PBXSourcesBuildPhase;
			buildActionMask = 2147483647;
			files = (
				1A9112A42C275CC5001A43CA /* EventDetailView.swift in Sources */,
				1A70B3822E0C7E8E00ECB941 /* MapTabView.swift in Sources */,
				1AD897FF2C49674100CF23A6 /* WxView.swift in Sources */,
				1AB4C6262C2F6B750094D982 /* EventModel.swift in Sources */,
				1AD897FD2C495EF300CF23A6 /* ListTabView.swift in Sources */,
				1A9D21C32E0735DA00E3D3F6 /* CrowdModel.swift in Sources */,
				1A9112AA2C275D6F001A43CA /* DataService.swift in Sources */,
				1A9112962C275B0A001A43CA /* ContentView.swift in Sources */,
				1A9112A22C275C8C001A43CA /* Event.swift in Sources */,
				1A0CBFB92C8F734B000A92BF /* Crowds.swift in Sources */,
				1A9112942C275B0A001A43CA /* LGTv2App.swift in Sources */,
				1A4248322E18085900C921E7 /* SendTabView.swift in Sources */,
				1A9112A62C275D0E001A43CA /* Weather.swift in Sources */,
			);
			runOnlyForDeploymentPostprocessing = 0;
		};
/* End PBXSourcesBuildPhase section */

/* Begin XCBuildConfiguration section */
		1A91129C2C275B0D001A43CA /* Debug */ = {
			isa = XCBuildConfiguration;
			buildSettings = {
				ALWAYS_SEARCH_USER_PATHS = NO;
				ASSETCATALOG_COMPILER_GENERATE_SWIFT_ASSET_SYMBOL_EXTENSIONS = YES;
				CLANG_ANALYZER_NONNULL = YES;
				CLANG_ANALYZER_NUMBER_OBJECT_CONVERSION = YES_AGGRESSIVE;
				CLANG_CXX_LANGUAGE_STANDARD = "gnu++20";
				CLANG_ENABLE_MODULES = YES;
				CLANG_ENABLE_OBJC_ARC = YES;
				CLANG_ENABLE_OBJC_WEAK = YES;
				CLANG_WARN_BLOCK_CAPTURE_AUTORELEASING = YES;
				CLANG_WARN_BOOL_CONVERSION = YES;
				CLANG_WARN_COMMA = YES;
				CLANG_WARN_CONSTANT_CONVERSION = YES;
				CLANG_WARN_DEPRECATED_OBJC_IMPLEMENTATIONS = YES;
				CLANG_WARN_DIRECT_OBJC_ISA_USAGE = YES_ERROR;
				CLANG_WARN_DOCUMENTATION_COMMENTS = YES;
				CLANG_WARN_EMPTY_BODY = YES;
				CLANG_WARN_ENUM_CONVERSION = YES;
				CLANG_WARN_INFINITE_RECURSION = YES;
				CLANG_WARN_INT_CONVERSION = YES;
				CLANG_WARN_NON_LITERAL_NULL_CONVERSION = YES;
				CLANG_WARN_OBJC_IMPLICIT_RETAIN_SELF = YES;
				CLANG_WARN_OBJC_LITERAL_CONVERSION = YES;
				CLANG_WARN_OBJC_ROOT_CLASS = YES_ERROR;
				CLANG_WARN_QUOTED_INCLUDE_IN_FRAMEWORK_HEADER = YES;
				CLANG_WARN_RANGE_LOOP_ANALYSIS = YES;
				CLANG_WARN_STRICT_PROTOTYPES = YES;
				CLANG_WARN_SUSPICIOUS_MOVE = YES;
				CLANG_WARN_UNGUARDED_AVAILABILITY = YES_AGGRESSIVE;
				CLANG_WARN_UNREACHABLE_CODE = YES;
				CLANG_WARN__DUPLICATE_METHOD_MATCH = YES;
				COPY_PHASE_STRIP = NO;
				DEBUG_INFORMATION_FORMAT = dwarf;
				ENABLE_STRICT_OBJC_MSGSEND = YES;
				ENABLE_TESTABILITY = YES;
				ENABLE_USER_SCRIPT_SANDBOXING = YES;
				GCC_C_LANGUAGE_STANDARD = gnu17;
				GCC_DYNAMIC_NO_PIC = NO;
				GCC_NO_COMMON_BLOCKS = YES;
				GCC_OPTIMIZATION_LEVEL = 0;
				GCC_PREPROCESSOR_DEFINITIONS = (
					"DEBUG=1",
					"$(inherited)",
				);
				GCC_WARN_64_TO_32_BIT_CONVERSION = YES;
				GCC_WARN_ABOUT_RETURN_TYPE = YES_ERROR;
				GCC_WARN_UNDECLARED_SELECTOR = YES;
				GCC_WARN_UNINITIALIZED_AUTOS = YES_AGGRESSIVE;
				GCC_WARN_UNUSED_FUNCTION = YES;
				GCC_WARN_UNUSED_VARIABLE = YES;
				IPHONEOS_DEPLOYMENT_TARGET = 17.5;
				LOCALIZATION_PREFERS_STRING_CATALOGS = YES;
				MTL_ENABLE_DEBUG_INFO = INCLUDE_SOURCE;
				MTL_FAST_MATH = YES;
				ONLY_ACTIVE_ARCH = YES;
				SDKROOT = iphoneos;
				SWIFT_ACTIVE_COMPILATION_CONDITIONS = "DEBUG $(inherited)";
				SWIFT_OPTIMIZATION_LEVEL = "-Onone";
			};
			name = Debug;
		};
		1A91129D2C275B0D001A43CA /* Release */ = {
			isa = XCBuildConfiguration;
			buildSettings = {
				ALWAYS_SEARCH_USER_PATHS = NO;
				ASSETCATALOG_COMPILER_GENERATE_SWIFT_ASSET_SYMBOL_EXTENSIONS = YES;
				CLANG_ANALYZER_NONNULL = YES;
				CLANG_ANALYZER_NUMBER_OBJECT_CONVERSION = YES_AGGRESSIVE;
				CLANG_CXX_LANGUAGE_STANDARD = "gnu++20";
				CLANG_ENABLE_MODULES = YES;
				CLANG_ENABLE_OBJC_ARC = YES;
				CLANG_ENABLE_OBJC_WEAK = YES;
				CLANG_WARN_BLOCK_CAPTURE_AUTORELEASING = YES;
				CLANG_WARN_BOOL_CONVERSION = YES;
				CLANG_WARN_COMMA = YES;
				CLANG_WARN_CONSTANT_CONVERSION = YES;
				CLANG_WARN_DEPRECATED_OBJC_IMPLEMENTATIONS = YES;
				CLANG_WARN_DIRECT_OBJC_ISA_USAGE = YES_ERROR;
				CLANG_WARN_DOCUMENTATION_COMMENTS = YES;
				CLANG_WARN_EMPTY_BODY = YES;
				CLANG_WARN_ENUM_CONVERSION = YES;
				CLANG_WARN_INFINITE_RECURSION = YES;
				CLANG_WARN_INT_CONVERSION = YES;
				CLANG_WARN_NON_LITERAL_NULL_CONVERSION = YES;
				CLANG_WARN_OBJC_IMPLICIT_RETAIN_SELF = YES;
				CLANG_WARN_OBJC_LITERAL_CONVERSION = YES;
				CLANG_WARN_OBJC_ROOT_CLASS = YES_ERROR;
				CLANG_WARN_QUOTED_INCLUDE_IN_FRAMEWORK_HEADER = YES;
				CLANG_WARN_RANGE_LOOP_ANALYSIS = YES;
				CLANG_WARN_STRICT_PROTOTYPES = YES;
				CLANG_WARN_SUSPICIOUS_MOVE = YES;
				CLANG_WARN_UNGUARDED_AVAILABILITY = YES_AGGRESSIVE;
				CLANG_WARN_UNREACHABLE_CODE = YES;
				CLANG_WARN__DUPLICATE_METHOD_MATCH = YES;
				COPY_PHASE_STRIP = NO;
				DEBUG_INFORMATION_FORMAT = "dwarf-with-dsym";
				ENABLE_NS_ASSERTIONS = NO;
				ENABLE_STRICT_OBJC_MSGSEND = YES;
				ENABLE_USER_SCRIPT_SANDBOXING = YES;
				GCC_C_LANGUAGE_STANDARD = gnu17;
				GCC_NO_COMMON_BLOCKS = YES;
				GCC_WARN_64_TO_32_BIT_CONVERSION = YES;
				GCC_WARN_ABOUT_RETURN_TYPE = YES_ERROR;
				GCC_WARN_UNDECLARED_SELECTOR = YES;
				GCC_WARN_UNINITIALIZED_AUTOS = YES_AGGRESSIVE;
				GCC_WARN_UNUSED_FUNCTION = YES;
				GCC_WARN_UNUSED_VARIABLE = YES;
				IPHONEOS_DEPLOYMENT_TARGET = 17.5;
				LOCALIZATION_PREFERS_STRING_CATALOGS = YES;
				MTL_ENABLE_DEBUG_INFO = NO;
				MTL_FAST_MATH = YES;
				SDKROOT = iphoneos;
				SWIFT_COMPILATION_MODE = wholemodule;
				VALIDATE_PRODUCT = YES;
			};
			name = Release;
		};
		1A91129F2C275B0D001A43CA /* Debug */ = {
			isa = XCBuildConfiguration;
			buildSettings = {
				ASSETCATALOG_COMPILER_APPICON_NAME = AppIcon;
				ASSETCATALOG_COMPILER_GLOBAL_ACCENT_COLOR_NAME = AccentColor;
				CODE_SIGN_IDENTITY = "Apple Development";
				CODE_SIGN_STYLE = Automatic;
				CURRENT_PROJECT_VERSION = 6;
				DEVELOPMENT_ASSET_PATHS = "\"LGTv2/Preview Content\"";
				DEVELOPMENT_TEAM = RVH72DDTV4;
				ENABLE_PREVIEWS = YES;
				GENERATE_INFOPLIST_FILE = YES;
				INFOPLIST_FILE = LGTv2/Info.plist;
				INFOPLIST_KEY_CFBundleDisplayName = Events;
				INFOPLIST_KEY_UIApplicationSceneManifest_Generation = YES;
				INFOPLIST_KEY_UIApplicationSupportsIndirectInputEvents = YES;
				INFOPLIST_KEY_UISupportedInterfaceOrientations = UIInterfaceOrientationPortrait;
				INFOPLIST_KEY_UISupportedInterfaceOrientations_iPad = "UIInterfaceOrientationLandscapeLeft UIInterfaceOrientationLandscapeRight UIInterfaceOrientationPortrait UIInterfaceOrientationPortraitUpsideDown";
				IPHONEOS_DEPLOYMENT_TARGET = 18.0;
				LD_RUNPATH_SEARCH_PATHS = (
					"$(inherited)",
					"@executable_path/Frameworks",
				);
				MARKETING_VERSION = 1.0;
				OTHER_LDFLAGS = "-ObjC";
				PRODUCT_BUNDLE_IDENTIFIER = joe.LGTv2;
				PRODUCT_NAME = "$(TARGET_NAME)";
				PROVISIONING_PROFILE_SPECIFIER = "";
				SUPPORTED_PLATFORMS = "iphoneos iphonesimulator";
				SUPPORTS_MACCATALYST = NO;
				SUPPORTS_MAC_DESIGNED_FOR_IPHONE_IPAD = NO;
				SUPPORTS_XR_DESIGNED_FOR_IPHONE_IPAD = NO;
				SWIFT_EMIT_LOC_STRINGS = YES;
				SWIFT_VERSION = 5.0;
				TARGETED_DEVICE_FAMILY = 1;
			};
			name = Debug;
		};
		1A9112A02C275B0D001A43CA /* Release */ = {
			isa = XCBuildConfiguration;
			buildSettings = {
				ASSETCATALOG_COMPILER_APPICON_NAME = AppIcon;
				ASSETCATALOG_COMPILER_GLOBAL_ACCENT_COLOR_NAME = AccentColor;
				CODE_SIGN_IDENTITY = "Apple Development";
				CODE_SIGN_STYLE = Automatic;
				CURRENT_PROJECT_VERSION = 6;
				DEVELOPMENT_ASSET_PATHS = "\"LGTv2/Preview Content\"";
				DEVELOPMENT_TEAM = RVH72DDTV4;
				ENABLE_PREVIEWS = YES;
				GENERATE_INFOPLIST_FILE = YES;
				INFOPLIST_FILE = LGTv2/Info.plist;
				INFOPLIST_KEY_CFBundleDisplayName = Events;
				INFOPLIST_KEY_UIApplicationSceneManifest_Generation = YES;
				INFOPLIST_KEY_UIApplicationSupportsIndirectInputEvents = YES;
				INFOPLIST_KEY_UISupportedInterfaceOrientations = UIInterfaceOrientationPortrait;
				INFOPLIST_KEY_UISupportedInterfaceOrientations_iPad = "UIInterfaceOrientationLandscapeLeft UIInterfaceOrientationLandscapeRight UIInterfaceOrientationPortrait UIInterfaceOrientationPortraitUpsideDown";
				IPHONEOS_DEPLOYMENT_TARGET = 18.0;
				LD_RUNPATH_SEARCH_PATHS = (
					"$(inherited)",
					"@executable_path/Frameworks",
				);
				MARKETING_VERSION = 1.0;
				OTHER_LDFLAGS = "-ObjC";
				PRODUCT_BUNDLE_IDENTIFIER = joe.LGTv2;
				PRODUCT_NAME = "$(TARGET_NAME)";
				PROVISIONING_PROFILE_SPECIFIER = "";
				SUPPORTED_PLATFORMS = "iphoneos iphonesimulator";
				SUPPORTS_MACCATALYST = NO;
				SUPPORTS_MAC_DESIGNED_FOR_IPHONE_IPAD = NO;
				SUPPORTS_XR_DESIGNED_FOR_IPHONE_IPAD = NO;
				SWIFT_EMIT_LOC_STRINGS = YES;
				SWIFT_VERSION = 5.0;
				TARGETED_DEVICE_FAMILY = 1;
			};
			name = Release;
		};
/* End XCBuildConfiguration section */

/* Begin XCConfigurationList section */
		1A91128B2C275B0A001A43CA /* Build configuration list for PBXProject "LGTv2" */ = {
			isa = XCConfigurationList;
			buildConfigurations = (
				1A91129C2C275B0D001A43CA /* Debug */,
				1A91129D2C275B0D001A43CA /* Release */,
			);
			defaultConfigurationIsVisible = 0;
			defaultConfigurationName = Release;
		};
		1A91129E2C275B0D001A43CA /* Build configuration list for PBXNativeTarget "LGTv2" */ = {
			isa = XCConfigurationList;
			buildConfigurations = (
				1A91129F2C275B0D001A43CA /* Debug */,
				1A9112A02C275B0D001A43CA /* Release */,
			);
			defaultConfigurationIsVisible = 0;
			defaultConfigurationName = Release;
		};
/* End XCConfigurationList section */

/* Begin XCRemoteSwiftPackageReference section */
		1AE4D31C2C27830600F9C34D /* XCRemoteSwiftPackageReference "firebase-ios-sdk" */ = {
			isa = XCRemoteSwiftPackageReference;
			repositoryURL = "https://github.com/firebase/firebase-ios-sdk";
			requirement = {
				kind = upToNextMajorVersion;
				minimumVersion = 10.28.0;
			};
		};
/* End XCRemoteSwiftPackageReference section */

/* Begin XCSwiftPackageProductDependency section */
		1AB5709F2C2D271700F4B4D8 /* FirebaseAuth */ = {
			isa = XCSwiftPackageProductDependency;
			package = 1AE4D31C2C27830600F9C34D /* XCRemoteSwiftPackageReference "firebase-ios-sdk" */;
			productName = FirebaseAuth;
		};
		1AB570A72C2DBD3300F4B4D8 /* FirebaseFirestore */ = {
			isa = XCSwiftPackageProductDependency;
			package = 1AE4D31C2C27830600F9C34D /* XCRemoteSwiftPackageReference "firebase-ios-sdk" */;
			productName = FirebaseFirestore;
		};
		1AE4D31D2C27830600F9C34D /* FirebaseAnalytics */ = {
			isa = XCSwiftPackageProductDependency;
			package = 1AE4D31C2C27830600F9C34D /* XCRemoteSwiftPackageReference "firebase-ios-sdk" */;
			productName = FirebaseAnalytics;
		};
		1AE4D31F2C27830600F9C34D /* FirebaseDatabaseSwift */ = {
			isa = XCSwiftPackageProductDependency;
			package = 1AE4D31C2C27830600F9C34D /* XCRemoteSwiftPackageReference "firebase-ios-sdk" */;
			productName = FirebaseDatabaseSwift;
		};
/* End XCSwiftPackageProductDependency section */
	};
	rootObject = 1A9112882C275B0A001A43CA /* Project object */;
}
